
Microsoft Visual Studio Solution File, Format Version 12.00
# Visual Studio 15
VisualStudioVersion = 15.0.33919.361
MinimumVisualStudioVersion = 10.0.40219.1
Project("{8BC9CEB8-8B4A-11D0-8D11-00A0C91BC942}") = "collatzconjecture2", "collatzconjecture2\collatzconjecture2.vcxproj", "{EC1E9A59-CF7A-4F75-BCCB-877026FADD72}"
EndProject
Global
	GlobalSection(SolutionConfigurationPlatforms) = preSolution
		Debug|x64 = Debug|x64
		Debug|x86 = Debug|x86
		Release|x64 = Release|x64
		Release|x86 = Release|x86
	EndGlobalSection
	GlobalSection(ProjectConfigurationPlatforms) = postSolution
		{EC1E9A59-CF7A-4F75-BCCB-877026FADD72}.Debug|x64.ActiveCfg = Debug|x64
		{EC1E9A59-CF7A-4F75-BCCB-877026FADD72}.Debug|x64.Build.0 = Debug|x64
		{EC1E9A59-CF7A-4F75-BCCB-877026FADD72}.Debug|x86.ActiveCfg = Debug|Win32
		{EC1E9A59-CF7A-4F75-BCCB-877026FADD72}.Debug|x86.Build.0 = Debug|Win32
		{EC1E9A59-CF7A-4F75-BCCB-877026FADD72}.Release|x64.ActiveCfg = Release|x64
		{EC1E9A59-CF7A-4F75-BCCB-877026FADD72}.Release|x64.Build.0 = Release|x64
		{EC1E9A59-CF7A-4F75-BCCB-877026FADD72}.Release|x86.ActiveCfg = Release|Win32
		{EC1E9A59-CF7A-4F75-BCCB-877026FADD72}.Release|x86.Build.0 = Release|Win32
	EndGlobalSection
	GlobalSection(SolutionProperties) = preSolution
		HideSolutionNode = FALSE
	EndGlobalSection
	GlobalSection(ExtensibilityGlobals) = postSolution
		SolutionGuid = {0E6C9736-C209-4DA3-AF6F-D5C4F025C8D5}
	EndGlobalSection
EndGlobal
